schema: '2.0'
stages:
  data_ingestion:
    cmd: python -m src.data.data_ingestion
    deps:
    - path: src/data/data_ingestion.py
      hash: md5
      md5: 78a27bde88333eaf2b52d27f13a345f7
      size: 4197
    params:
      params.yaml:
        data_ingestion.test_size: 0.25
    outs:
    - path: data/raw
      hash: md5
      md5: 3a301dd6a0b3caa261222635788eb1a5.dir
      size: 827973
      nfiles: 2
  data_preprocessing:
    cmd: python -m src.data.data_preprocessing
    deps:
    - path: data/raw
      hash: md5
      md5: 3a301dd6a0b3caa261222635788eb1a5.dir
      size: 827973
      nfiles: 2
    - path: src/data/data_preprocessing.py
      hash: md5
      md5: e6759d1d3c0acd50df6dcfce22aea356
      size: 6026
    outs:
    - path: data/processed
      hash: md5
      md5: b59a6d9deda25e18ae8ad7d7977cbe56.dir
      size: 566210
      nfiles: 2
  feature_engineering:
    cmd: python -m src.features.feature_engineering
    deps:
    - path: data/processed
      hash: md5
      md5: b59a6d9deda25e18ae8ad7d7977cbe56.dir
      size: 566210
      nfiles: 2
    - path: src/features/feature_engineering.py
      hash: md5
      md5: e4fbfbf87a53f887e48fdcab606b98ca
      size: 6017
    params:
      params.yaml:
        feature_engineering.max_features: 5000
    outs:
    - path: data/features
      hash: md5
      md5: 020738714dfaf879303ea42345267ee6.dir
      size: 208643870
      nfiles: 2
    - path: models/vectorizer.pkl
      hash: md5
      md5: 75aea69ba5eab67464f40ee41b555f99
      size: 180538
  model_building:
    cmd: python -m src.model.model_building
    deps:
    - path: data/features
      hash: md5
      md5: 020738714dfaf879303ea42345267ee6.dir
      size: 208643870
      nfiles: 2
    - path: src/model/model_building.py
      hash: md5
      md5: a435e5e9419fbfa4c86f134426fa58bd
      size: 4348
    params:
      params.yaml:
        model_building.C: 1
        model_building.penalty: l2
        model_building.solver: liblinear
    outs:
    - path: models/model.pkl
      hash: md5
      md5: ba11d05ce463c9c1678dc91ae95c3668
      size: 40698
    - path: reports/model_info.json
      hash: md5
      md5: 1696685a6819ef0dac1e10300eca9847
      size: 151
  model_evaluation:
    cmd: python -m src.model.model_evaluation
    deps:
    - path: models/model.pkl
      hash: md5
      md5: ba11d05ce463c9c1678dc91ae95c3668
      size: 40698
    - path: src/model/model_evaluation.py
      hash: md5
      md5: 9fae086c38d208723d05a1faabf48498
      size: 3374
    outs:
    - path: reports/metrics.json
      hash: md5
      md5: 83921da2bafd70f5ef2fac9539432602
      size: 145
  model_registration:
    cmd: python -m src.model.register_model
    deps:
    - path: reports/model_info.json
      hash: md5
      md5: 1696685a6819ef0dac1e10300eca9847
      size: 151
    - path: src/model/register_model.py
      hash: md5
      md5: a97920b292360dc0cd2e887c6bcfd607
      size: 2282
